// !$*UTF8*$!
{
	archiveVersion = 1;
	classes = {
	};
	objectVersion = 56;
	objects = {

/* Begin PBXBuildFile section */
		0C951F56A47DF993CD6B23C4 /* libPods-tptools.a in Frameworks */ = {isa = PBXBuildFile; fileRef = 6ED91A51EC310F8B1709EB24 /* libPods-tptools.a */; };
		84E443532A7CEFB500BABEFE /* AppDelegate.swift in Sources */ = {isa = PBXBuildFile; fileRef = 84E443522A7CEFB500BABEFE /* AppDelegate.swift */; };
		84E443572A7CEFB500BABEFE /* HomeViewController.swift in Sources */ = {isa = PBXBuildFile; fileRef = 84E443562A7CEFB500BABEFE /* HomeViewController.swift */; };
		84E4435C2A7CEFB500BABEFE /* Assets.xcassets in Resources */ = {isa = PBXBuildFile; fileRef = 84E4435B2A7CEFB500BABEFE /* Assets.xcassets */; };
		84E4435F2A7CEFB500BABEFE /* LaunchScreen.storyboard in Resources */ = {isa = PBXBuildFile; fileRef = 84E4435D2A7CEFB500BABEFE /* LaunchScreen.storyboard */; };
		84E443702A7CF12400BABEFE /* ToolModule.m in Sources */ = {isa = PBXBuildFile; fileRef = 84E4436B2A7CF12400BABEFE /* ToolModule.m */; };
		84E443712A7CF12400BABEFE /* ToolModule.swift in Sources */ = {isa = PBXBuildFile; fileRef = 84E4436C2A7CF12400BABEFE /* ToolModule.swift */; };
		84E443722A7CF12400BABEFE /* ToolWebModule.swift in Sources */ = {isa = PBXBuildFile; fileRef = 84E4436D2A7CF12400BABEFE /* ToolWebModule.swift */; };
		84E443732A7CF12400BABEFE /* ToolWebModule.m in Sources */ = {isa = PBXBuildFile; fileRef = 84E4436E2A7CF12400BABEFE /* ToolWebModule.m */; };
		84E443742A7CF12400BABEFE /* ToolWebView.swift in Sources */ = {isa = PBXBuildFile; fileRef = 84E4436F2A7CF12400BABEFE /* ToolWebView.swift */; };
		84E443852A7CF9DE00BABEFE /* CacheManager.swift in Sources */ = {isa = PBXBuildFile; fileRef = 84E4437B2A7CF9DE00BABEFE /* CacheManager.swift */; };
		84E443862A7CF9DE00BABEFE /* CustomJsonAdaptor.swift in Sources */ = {isa = PBXBuildFile; fileRef = 84E4437C2A7CF9DE00BABEFE /* CustomJsonAdaptor.swift */; };
		84E443872A7CF9DE00BABEFE /* OnCache.swift in Sources */ = {isa = PBXBuildFile; fileRef = 84E4437D2A7CF9DE00BABEFE /* OnCache.swift */; };
		84E443882A7CF9DE00BABEFE /* Moya+Cacheable.swift in Sources */ = {isa = PBXBuildFile; fileRef = 84E4437E2A7CF9DE00BABEFE /* Moya+Cacheable.swift */; };
		84E443892A7CF9DE00BABEFE /* TargetType+Cache.swift in Sources */ = {isa = PBXBuildFile; fileRef = 84E4437F2A7CF9DE00BABEFE /* TargetType+Cache.swift */; };
		84E4438A2A7CF9DE00BABEFE /* Configuration.swift in Sources */ = {isa = PBXBuildFile; fileRef = 84E443802A7CF9DE00BABEFE /* Configuration.swift */; };
		84E4438B2A7CF9DE00BABEFE /* Network.swift in Sources */ = {isa = PBXBuildFile; fileRef = 84E443812A7CF9DE00BABEFE /* Network.swift */; };
		84E4438C2A7CF9DE00BABEFE /* UserAgentPlugin.swift in Sources */ = {isa = PBXBuildFile; fileRef = 84E443822A7CF9DE00BABEFE /* UserAgentPlugin.swift */; };
		84E4438D2A7CF9DE00BABEFE /* Observable+Cache.swift in Sources */ = {isa = PBXBuildFile; fileRef = 84E443832A7CF9DE00BABEFE /* Observable+Cache.swift */; };
		84E4438E2A7CF9DE00BABEFE /* Single+Cache.swift in Sources */ = {isa = PBXBuildFile; fileRef = 84E443842A7CF9DE00BABEFE /* Single+Cache.swift */; };
		84E4439D2A7CF9F400BABEFE /* String+Extension.swift in Sources */ = {isa = PBXBuildFile; fileRef = 84E443902A7CF9F300BABEFE /* String+Extension.swift */; };
		84E4439E2A7CF9F400BABEFE /* NSObject+Extension.swift in Sources */ = {isa = PBXBuildFile; fileRef = 84E443912A7CF9F300BABEFE /* NSObject+Extension.swift */; };
		84E4439F2A7CF9F400BABEFE /* UIFont+Extension.swift in Sources */ = {isa = PBXBuildFile; fileRef = 84E443922A7CF9F300BABEFE /* UIFont+Extension.swift */; };
		84E443A02A7CF9F400BABEFE /* UITextField+Extension.swift in Sources */ = {isa = PBXBuildFile; fileRef = 84E443932A7CF9F300BABEFE /* UITextField+Extension.swift */; };
		84E443A12A7CF9F400BABEFE /* UIDevice+Extension.swift in Sources */ = {isa = PBXBuildFile; fileRef = 84E443942A7CF9F400BABEFE /* UIDevice+Extension.swift */; };
		84E443A22A7CF9F400BABEFE /* UIButton+Extension.swift in Sources */ = {isa = PBXBuildFile; fileRef = 84E443952A7CF9F400BABEFE /* UIButton+Extension.swift */; };
		84E443A32A7CF9F400BABEFE /* Observable+Operators.swift in Sources */ = {isa = PBXBuildFile; fileRef = 84E443962A7CF9F400BABEFE /* Observable+Operators.swift */; };
		84E443A42A7CF9F400BABEFE /* UILabel+Extension.swift in Sources */ = {isa = PBXBuildFile; fileRef = 84E443972A7CF9F400BABEFE /* UILabel+Extension.swift */; };
		84E443A52A7CF9F400BABEFE /* UIScrollView+Extension.swift in Sources */ = {isa = PBXBuildFile; fileRef = 84E443982A7CF9F400BABEFE /* UIScrollView+Extension.swift */; };
		84E443A62A7CF9F400BABEFE /* UIImageView+Extension.swift in Sources */ = {isa = PBXBuildFile; fileRef = 84E443992A7CF9F400BABEFE /* UIImageView+Extension.swift */; };
		84E443A72A7CF9F400BABEFE /* UIView+Extension.swift in Sources */ = {isa = PBXBuildFile; fileRef = 84E4439A2A7CF9F400BABEFE /* UIView+Extension.swift */; };
		84E443A82A7CF9F400BABEFE /* UIColor+Extension.swift in Sources */ = {isa = PBXBuildFile; fileRef = 84E4439B2A7CF9F400BABEFE /* UIColor+Extension.swift */; };
		84E443A92A7CF9F400BABEFE /* UIViewController+Extension.swift in Sources */ = {isa = PBXBuildFile; fileRef = 84E4439C2A7CF9F400BABEFE /* UIViewController+Extension.swift */; };
		84E443AD2A7CFA0D00BABEFE /* LocalUserModel.swift in Sources */ = {isa = PBXBuildFile; fileRef = 84E443AB2A7CFA0D00BABEFE /* LocalUserModel.swift */; };
		84E443AE2A7CFA0D00BABEFE /* ServerModels.swift in Sources */ = {isa = PBXBuildFile; fileRef = 84E443AC2A7CFA0D00BABEFE /* ServerModels.swift */; };
		84E443B52A7CFA1C00BABEFE /* BaseWebViewController.swift in Sources */ = {isa = PBXBuildFile; fileRef = 84E443B02A7CFA1C00BABEFE /* BaseWebViewController.swift */; };
		84E443B62A7CFA1C00BABEFE /* YNavigationController.swift in Sources */ = {isa = PBXBuildFile; fileRef = 84E443B12A7CFA1C00BABEFE /* YNavigationController.swift */; };
		84E443B72A7CFA1C00BABEFE /* YNavigationView.swift in Sources */ = {isa = PBXBuildFile; fileRef = 84E443B22A7CFA1C00BABEFE /* YNavigationView.swift */; };
		84E443B92A7CFA1C00BABEFE /* YBaseViewController.swift in Sources */ = {isa = PBXBuildFile; fileRef = 84E443B42A7CFA1C00BABEFE /* YBaseViewController.swift */; };
		84E443BD2A7CFC0B00BABEFE /* AppConfig.swift in Sources */ = {isa = PBXBuildFile; fileRef = 84E443BC2A7CFC0A00BABEFE /* AppConfig.swift */; };
		84E443CB2A7D022600BABEFE /* DBManager.swift in Sources */ = {isa = PBXBuildFile; fileRef = 84E443C42A7D022600BABEFE /* DBManager.swift */; };
		84E443CC2A7D022600BABEFE /* TBAddress.swift in Sources */ = {isa = PBXBuildFile; fileRef = 84E443C52A7D022600BABEFE /* TBAddress.swift */; };
		84E443D02A7D02BD00BABEFE /* GradientView.swift in Sources */ = {isa = PBXBuildFile; fileRef = 84E443CF2A7D02BD00BABEFE /* GradientView.swift */; };
/* End PBXBuildFile section */

/* Begin PBXFileReference section */
		5FAF3DE59A66B32714C4EE28 /* Pods-tptools.debug.xcconfig */ = {isa = PBXFileReference; includeInIndex = 1; lastKnownFileType = text.xcconfig; name = "Pods-tptools.debug.xcconfig"; path = "Target Support Files/Pods-tptools/Pods-tptools.debug.xcconfig"; sourceTree = "<group>"; };
		6ED91A51EC310F8B1709EB24 /* libPods-tptools.a */ = {isa = PBXFileReference; explicitFileType = archive.ar; includeInIndex = 0; path = "libPods-tptools.a"; sourceTree = BUILT_PRODUCTS_DIR; };
		7365434FB599FB5764FD626F /* Pods-tptools.release.xcconfig */ = {isa = PBXFileReference; includeInIndex = 1; lastKnownFileType = text.xcconfig; name = "Pods-tptools.release.xcconfig"; path = "Target Support Files/Pods-tptools/Pods-tptools.release.xcconfig"; sourceTree = "<group>"; };
		84E4434F2A7CEFB500BABEFE /* tptools.app */ = {isa = PBXFileReference; explicitFileType = wrapper.application; includeInIndex = 0; path = tptools.app; sourceTree = BUILT_PRODUCTS_DIR; };
		84E443522A7CEFB500BABEFE /* AppDelegate.swift */ = {isa = PBXFileReference; lastKnownFileType = sourcecode.swift; path = AppDelegate.swift; sourceTree = "<group>"; };
		84E443562A7CEFB500BABEFE /* HomeViewController.swift */ = {isa = PBXFileReference; lastKnownFileType = sourcecode.swift; path = HomeViewController.swift; sourceTree = "<group>"; };
		84E4435B2A7CEFB500BABEFE /* Assets.xcassets */ = {isa = PBXFileReference; lastKnownFileType = folder.assetcatalog; path = Assets.xcassets; sourceTree = "<group>"; };
		84E4435E2A7CEFB500BABEFE /* Base */ = {isa = PBXFileReference; lastKnownFileType = file.storyboard; name = Base; path = Base.lproj/LaunchScreen.storyboard; sourceTree = "<group>"; };
		84E443602A7CEFB500BABEFE /* Info.plist */ = {isa = PBXFileReference; lastKnownFileType = text.plist.xml; path = Info.plist; sourceTree = "<group>"; };
		84E4436A2A7CF12400BABEFE /* tptools-Bridging-Header.h */ = {isa = PBXFileReference; lastKnownFileType = sourcecode.c.h; path = "tptools-Bridging-Header.h"; sourceTree = "<group>"; };
		84E4436B2A7CF12400BABEFE /* ToolModule.m */ = {isa = PBXFileReference; fileEncoding = 4; lastKnownFileType = sourcecode.c.objc; path = ToolModule.m; sourceTree = "<group>"; };
		84E4436C2A7CF12400BABEFE /* ToolModule.swift */ = {isa = PBXFileReference; fileEncoding = 4; lastKnownFileType = sourcecode.swift; path = ToolModule.swift; sourceTree = "<group>"; };
		84E4436D2A7CF12400BABEFE /* ToolWebModule.swift */ = {isa = PBXFileReference; fileEncoding = 4; lastKnownFileType = sourcecode.swift; path = ToolWebModule.swift; sourceTree = "<group>"; };
		84E4436E2A7CF12400BABEFE /* ToolWebModule.m */ = {isa = PBXFileReference; fileEncoding = 4; lastKnownFileType = sourcecode.c.objc; path = ToolWebModule.m; sourceTree = "<group>"; };
		84E4436F2A7CF12400BABEFE /* ToolWebView.swift */ = {isa = PBXFileReference; fileEncoding = 4; lastKnownFileType = sourcecode.swift; path = ToolWebView.swift; sourceTree = "<group>"; };
		84E4437B2A7CF9DE00BABEFE /* CacheManager.swift */ = {isa = PBXFileReference; fileEncoding = 4; lastKnownFileType = sourcecode.swift; path = CacheManager.swift; sourceTree = "<group>"; };
		84E4437C2A7CF9DE00BABEFE /* CustomJsonAdaptor.swift */ = {isa = PBXFileReference; fileEncoding = 4; lastKnownFileType = sourcecode.swift; path = CustomJsonAdaptor.swift; sourceTree = "<group>"; };
		84E4437D2A7CF9DE00BABEFE /* OnCache.swift */ = {isa = PBXFileReference; fileEncoding = 4; lastKnownFileType = sourcecode.swift; path = OnCache.swift; sourceTree = "<group>"; };
		84E4437E2A7CF9DE00BABEFE /* Moya+Cacheable.swift */ = {isa = PBXFileReference; fileEncoding = 4; lastKnownFileType = sourcecode.swift; path = "Moya+Cacheable.swift"; sourceTree = "<group>"; };
		84E4437F2A7CF9DE00BABEFE /* TargetType+Cache.swift */ = {isa = PBXFileReference; fileEncoding = 4; lastKnownFileType = sourcecode.swift; path = "TargetType+Cache.swift"; sourceTree = "<group>"; };
		84E443802A7CF9DE00BABEFE /* Configuration.swift */ = {isa = PBXFileReference; fileEncoding = 4; lastKnownFileType = sourcecode.swift; path = Configuration.swift; sourceTree = "<group>"; };
		84E443812A7CF9DE00BABEFE /* Network.swift */ = {isa = PBXFileReference; fileEncoding = 4; lastKnownFileType = sourcecode.swift; path = Network.swift; sourceTree = "<group>"; };
		84E443822A7CF9DE00BABEFE /* UserAgentPlugin.swift */ = {isa = PBXFileReference; fileEncoding = 4; lastKnownFileType = sourcecode.swift; path = UserAgentPlugin.swift; sourceTree = "<group>"; };
		84E443832A7CF9DE00BABEFE /* Observable+Cache.swift */ = {isa = PBXFileReference; fileEncoding = 4; lastKnownFileType = sourcecode.swift; path = "Observable+Cache.swift"; sourceTree = "<group>"; };
		84E443842A7CF9DE00BABEFE /* Single+Cache.swift */ = {isa = PBXFileReference; fileEncoding = 4; lastKnownFileType = sourcecode.swift; path = "Single+Cache.swift"; sourceTree = "<group>"; };
		84E443902A7CF9F300BABEFE /* String+Extension.swift */ = {isa = PBXFileReference; fileEncoding = 4; lastKnownFileType = sourcecode.swift; path = "String+Extension.swift"; sourceTree = "<group>"; };
		84E443912A7CF9F300BABEFE /* NSObject+Extension.swift */ = {isa = PBXFileReference; fileEncoding = 4; lastKnownFileType = sourcecode.swift; path = "NSObject+Extension.swift"; sourceTree = "<group>"; };
		84E443922A7CF9F300BABEFE /* UIFont+Extension.swift */ = {isa = PBXFileReference; fileEncoding = 4; lastKnownFileType = sourcecode.swift; path = "UIFont+Extension.swift"; sourceTree = "<group>"; };
		84E443932A7CF9F300BABEFE /* UITextField+Extension.swift */ = {isa = PBXFileReference; fileEncoding = 4; lastKnownFileType = sourcecode.swift; path = "UITextField+Extension.swift"; sourceTree = "<group>"; };
		84E443942A7CF9F400BABEFE /* UIDevice+Extension.swift */ = {isa = PBXFileReference; fileEncoding = 4; lastKnownFileType = sourcecode.swift; path = "UIDevice+Extension.swift"; sourceTree = "<group>"; };
		84E443952A7CF9F400BABEFE /* UIButton+Extension.swift */ = {isa = PBXFileReference; fileEncoding = 4; lastKnownFileType = sourcecode.swift; path = "UIButton+Extension.swift"; sourceTree = "<group>"; };
		84E443962A7CF9F400BABEFE /* Observable+Operators.swift */ = {isa = PBXFileReference; fileEncoding = 4; lastKnownFileType = sourcecode.swift; path = "Observable+Operators.swift"; sourceTree = "<group>"; };
		84E443972A7CF9F400BABEFE /* UILabel+Extension.swift */ = {isa = PBXFileReference; fileEncoding = 4; lastKnownFileType = sourcecode.swift; path = "UILabel+Extension.swift"; sourceTree = "<group>"; };
		84E443982A7CF9F400BABEFE /* UIScrollView+Extension.swift */ = {isa = PBXFileReference; fileEncoding = 4; lastKnownFileType = sourcecode.swift; path = "UIScrollView+Extension.swift"; sourceTree = "<group>"; };
		84E443992A7CF9F400BABEFE /* UIImageView+Extension.swift */ = {isa = PBXFileReference; fileEncoding = 4; lastKnownFileType = sourcecode.swift; path = "UIImageView+Extension.swift"; sourceTree = "<group>"; };
		84E4439A2A7CF9F400BABEFE /* UIView+Extension.swift */ = {isa = PBXFileReference; fileEncoding = 4; lastKnownFileType = sourcecode.swift; path = "UIView+Extension.swift"; sourceTree = "<group>"; };
		84E4439B2A7CF9F400BABEFE /* UIColor+Extension.swift */ = {isa = PBXFileReference; fileEncoding = 4; lastKnownFileType = sourcecode.swift; path = "UIColor+Extension.swift"; sourceTree = "<group>"; };
		84E4439C2A7CF9F400BABEFE /* UIViewController+Extension.swift */ = {isa = PBXFileReference; fileEncoding = 4; lastKnownFileType = sourcecode.swift; path = "UIViewController+Extension.swift"; sourceTree = "<group>"; };
		84E443AB2A7CFA0D00BABEFE /* LocalUserModel.swift */ = {isa = PBXFileReference; fileEncoding = 4; lastKnownFileType = sourcecode.swift; path = LocalUserModel.swift; sourceTree = "<group>"; };
		84E443AC2A7CFA0D00BABEFE /* ServerModels.swift */ = {isa = PBXFileReference; fileEncoding = 4; lastKnownFileType = sourcecode.swift; path = ServerModels.swift; sourceTree = "<group>"; };
		84E443B02A7CFA1C00BABEFE /* BaseWebViewController.swift */ = {isa = PBXFileReference; fileEncoding = 4; lastKnownFileType = sourcecode.swift; path = BaseWebViewController.swift; sourceTree = "<group>"; };
		84E443B12A7CFA1C00BABEFE /* YNavigationController.swift */ = {isa = PBXFileReference; fileEncoding = 4; lastKnownFileType = sourcecode.swift; path = YNavigationController.swift; sourceTree = "<group>"; };
		84E443B22A7CFA1C00BABEFE /* YNavigationView.swift */ = {isa = PBXFileReference; fileEncoding = 4; lastKnownFileType = sourcecode.swift; path = YNavigationView.swift; sourceTree = "<group>"; };
		84E443B42A7CFA1C00BABEFE /* YBaseViewController.swift */ = {isa = PBXFileReference; fileEncoding = 4; lastKnownFileType = sourcecode.swift; path = YBaseViewController.swift; sourceTree = "<group>"; };
		84E443BC2A7CFC0A00BABEFE /* AppConfig.swift */ = {isa = PBXFileReference; fileEncoding = 4; lastKnownFileType = sourcecode.swift; path = AppConfig.swift; sourceTree = "<group>"; };
		84E443BE2A7D01BA00BABEFE /* tptools.entitlements */ = {isa = PBXFileReference; lastKnownFileType = text.plist.entitlements; path = tptools.entitlements; sourceTree = "<group>"; };
		84E443C42A7D022600BABEFE /* DBManager.swift */ = {isa = PBXFileReference; fileEncoding = 4; lastKnownFileType = sourcecode.swift; path = DBManager.swift; sourceTree = "<group>"; };
		84E443C52A7D022600BABEFE /* TBAddress.swift */ = {isa = PBXFileReference; fileEncoding = 4; lastKnownFileType = sourcecode.swift; path = TBAddress.swift; sourceTree = "<group>"; };
		84E443CF2A7D02BD00BABEFE /* GradientView.swift */ = {isa = PBXFileReference; fileEncoding = 4; lastKnownFileType = sourcecode.swift; path = GradientView.swift; sourceTree = "<group>"; };
/* End PBXFileReference section */

/* Begin PBXFrameworksBuildPhase section */
		84E4434C2A7CEFB500BABEFE /* Frameworks */ = {
			isa = PBXFrameworksBuildPhase;
			buildActionMask = 2147483647;
			files = (
				0C951F56A47DF993CD6B23C4 /* libPods-tptools.a in Frameworks */,
			);
			runOnlyForDeploymentPostprocessing = 0;
		};
/* End PBXFrameworksBuildPhase section */

/* Begin PBXGroup section */
		4B01C0736E44E391135CC80C /* Pods */ = {
			isa = PBXGroup;
			children = (
				5FAF3DE59A66B32714C4EE28 /* Pods-tptools.debug.xcconfig */,
				7365434FB599FB5764FD626F /* Pods-tptools.release.xcconfig */,
			);
			path = Pods;
			sourceTree = "<group>";
		};
		84E443462A7CEFB500BABEFE = {
			isa = PBXGroup;
			children = (
				84E443512A7CEFB500BABEFE /* tptools */,
				84E443502A7CEFB500BABEFE /* Products */,
				4B01C0736E44E391135CC80C /* Pods */,
				FB84730FFD78B93C02286A52 /* Frameworks */,
			);
			sourceTree = "<group>";
		};
		84E443502A7CEFB500BABEFE /* Products */ = {
			isa = PBXGroup;
			children = (
				84E4434F2A7CEFB500BABEFE /* tptools.app */,
			);
			name = Products;
			sourceTree = "<group>";
		};
		84E443512A7CEFB500BABEFE /* tptools */ = {
			isa = PBXGroup;
			children = (
				84E443662A7CF0A900BABEFE /* Base */,
				84E443762A7CF17300BABEFE /* Home */,
				84E443682A7CF0CA00BABEFE /* Support */,
			);
			path = tptools;
			sourceTree = "<group>";
		};
		84E443662A7CF0A900BABEFE /* Base */ = {
			isa = PBXGroup;
			children = (
				84E443792A7CF99400BABEFE /* Config */,
				84E443672A7CF0BB00BABEFE /* RNModule */,
				84E443AA2A7CFA0300BABEFE /* Models */,
				84E443CE2A7D02B500BABEFE /* Custom */,
				84E443AF2A7CFA1400BABEFE /* BaseView */,
				84E443BF2A7D021A00BABEFE /* DataBase */,
				84E4438F2A7CF9EB00BABEFE /* Extension */,
				84E4437A2A7CF9D300BABEFE /* Network */,
			);
			path = Base;
			sourceTree = "<group>";
		};
		84E443672A7CF0BB00BABEFE /* RNModule */ = {
			isa = PBXGroup;
			children = (
				84E4436B2A7CF12400BABEFE /* ToolModule.m */,
				84E4436C2A7CF12400BABEFE /* ToolModule.swift */,
				84E4436E2A7CF12400BABEFE /* ToolWebModule.m */,
				84E4436D2A7CF12400BABEFE /* ToolWebModule.swift */,
				84E4436F2A7CF12400BABEFE /* ToolWebView.swift */,
			);
			path = RNModule;
			sourceTree = "<group>";
		};
		84E443682A7CF0CA00BABEFE /* Support */ = {
			isa = PBXGroup;
			children = (
				84E443BE2A7D01BA00BABEFE /* tptools.entitlements */,
				84E443602A7CEFB500BABEFE /* Info.plist */,
				84E4435D2A7CEFB500BABEFE /* LaunchScreen.storyboard */,
				84E4436A2A7CF12400BABEFE /* tptools-Bridging-Header.h */,
				84E4435B2A7CEFB500BABEFE /* Assets.xcassets */,
			);
			path = Support;
			sourceTree = "<group>";
		};
		84E443762A7CF17300BABEFE /* Home */ = {
			isa = PBXGroup;
			children = (
				84E443562A7CEFB500BABEFE /* HomeViewController.swift */,
			);
			path = Home;
			sourceTree = "<group>";
		};
		84E443792A7CF99400BABEFE /* Config */ = {
			isa = PBXGroup;
			children = (
				84E443522A7CEFB500BABEFE /* AppDelegate.swift */,
				84E443BC2A7CFC0A00BABEFE /* AppConfig.swift */,
			);
			path = Config;
			sourceTree = "<group>";
		};
		84E4437A2A7CF9D300BABEFE /* Network */ = {
			isa = PBXGroup;
			children = (
				84E4437B2A7CF9DE00BABEFE /* CacheManager.swift */,
				84E443802A7CF9DE00BABEFE /* Configuration.swift */,
				84E4437C2A7CF9DE00BABEFE /* CustomJsonAdaptor.swift */,
				84E4437E2A7CF9DE00BABEFE /* Moya+Cacheable.swift */,
				84E443812A7CF9DE00BABEFE /* Network.swift */,
				84E443832A7CF9DE00BABEFE /* Observable+Cache.swift */,
				84E4437D2A7CF9DE00BABEFE /* OnCache.swift */,
				84E443842A7CF9DE00BABEFE /* Single+Cache.swift */,
				84E4437F2A7CF9DE00BABEFE /* TargetType+Cache.swift */,
				84E443822A7CF9DE00BABEFE /* UserAgentPlugin.swift */,
			);
			path = Network;
			sourceTree = "<group>";
		};
		84E4438F2A7CF9EB00BABEFE /* Extension */ = {
			isa = PBXGroup;
			children = (
				84E443912A7CF9F300BABEFE /* NSObject+Extension.swift */,
				84E443962A7CF9F400BABEFE /* Observable+Operators.swift */,
				84E443902A7CF9F300BABEFE /* String+Extension.swift */,
				84E443952A7CF9F400BABEFE /* UIButton+Extension.swift */,
				84E4439B2A7CF9F400BABEFE /* UIColor+Extension.swift */,
				84E443942A7CF9F400BABEFE /* UIDevice+Extension.swift */,
				84E443922A7CF9F300BABEFE /* UIFont+Extension.swift */,
				84E443992A7CF9F400BABEFE /* UIImageView+Extension.swift */,
				84E443972A7CF9F400BABEFE /* UILabel+Extension.swift */,
				84E443982A7CF9F400BABEFE /* UIScrollView+Extension.swift */,
				84E443932A7CF9F300BABEFE /* UITextField+Extension.swift */,
				84E4439A2A7CF9F400BABEFE /* UIView+Extension.swift */,
				84E4439C2A7CF9F400BABEFE /* UIViewController+Extension.swift */,
			);
			path = Extension;
			sourceTree = "<group>";
		};
		84E443AA2A7CFA0300BABEFE /* Models */ = {
			isa = PBXGroup;
			children = (
				84E443AB2A7CFA0D00BABEFE /* LocalUserModel.swift */,
				84E443AC2A7CFA0D00BABEFE /* ServerModels.swift */,
			);
			path = Models;
			sourceTree = "<group>";
		};
		84E443AF2A7CFA1400BABEFE /* BaseView */ = {
			isa = PBXGroup;
			children = (
				84E443B02A7CFA1C00BABEFE /* BaseWebViewController.swift */,
				84E443B42A7CFA1C00BABEFE /* YBaseViewController.swift */,
				84E443B12A7CFA1C00BABEFE /* YNavigationController.swift */,
				84E443B22A7CFA1C00BABEFE /* YNavigationView.swift */,
			);
			path = BaseView;
			sourceTree = "<group>";
		};
		84E443BF2A7D021A00BABEFE /* DataBase */ = {
			isa = PBXGroup;
			children = (
				84E443C42A7D022600BABEFE /* DBManager.swift */,
				84E443C52A7D022600BABEFE /* TBAddress.swift */,
			);
			path = DataBase;
			sourceTree = "<group>";
		};
		84E443CE2A7D02B500BABEFE /* Custom */ = {
			isa = PBXGroup;
			children = (
				84E443CF2A7D02BD00BABEFE /* GradientView.swift */,
			);
			path = Custom;
			sourceTree = "<group>";
		};
		FB84730FFD78B93C02286A52 /* Frameworks */ = {
			isa = PBXGroup;
			children = (
				6ED91A51EC310F8B1709EB24 /* libPods-tptools.a */,
			);
			name = Frameworks;
			sourceTree = "<group>";
		};
/* End PBXGroup section */

/* Begin PBXNativeTarget section */
		84E4434E2A7CEFB500BABEFE /* tptools */ = {
			isa = PBXNativeTarget;
			buildConfigurationList = 84E443632A7CEFB500BABEFE /* Build configuration list for PBXNativeTarget "tptools" */;
			buildPhases = (
				28B4FC735C6122B92C56D79A /* [CP] Check Pods Manifest.lock */,
				84E443772A7CF82700BABEFE /* Start Packager */,
				84E4434B2A7CEFB500BABEFE /* Sources */,
				84E4434C2A7CEFB500BABEFE /* Frameworks */,
				84E4434D2A7CEFB500BABEFE /* Resources */,
				84E443782A7CF87300BABEFE /* Bundle React Native code and images */,
				353D7487DC72F979C5B57FFF /* [CP] Embed Pods Frameworks */,
				716AD66ADF0B9455E904799A /* [CP] Copy Pods Resources */,
			);
			buildRules = (
			);
			dependencies = (
			);
			name = tptools;
			productName = tptools;
			productReference = 84E4434F2A7CEFB500BABEFE /* tptools.app */;
			productType = "com.apple.product-type.application";
		};
/* End PBXNativeTarget section */

/* Begin PBXProject section */
		84E443472A7CEFB500BABEFE /* Project object */ = {
			isa = PBXProject;
			attributes = {
				BuildIndependentTargetsInParallel = 1;
				LastSwiftUpdateCheck = 1430;
				LastUpgradeCheck = 1430;
				TargetAttributes = {
					84E4434E2A7CEFB500BABEFE = {
						CreatedOnToolsVersion = 14.3.1;
						LastSwiftMigration = 1430;
					};
				};
			};
			buildConfigurationList = 84E4434A2A7CEFB500BABEFE /* Build configuration list for PBXProject "tptools" */;
			compatibilityVersion = "Xcode 14.0";
			developmentRegion = en;
			hasScannedForEncodings = 0;
			knownRegions = (
				en,
				Base,
			);
			mainGroup = 84E443462A7CEFB500BABEFE;
			productRefGroup = 84E443502A7CEFB500BABEFE /* Products */;
			projectDirPath = "";
			projectRoot = "";
			targets = (
				84E4434E2A7CEFB500BABEFE /* tptools */,
			);
		};
/* End PBXProject section */

/* Begin PBXResourcesBuildPhase section */
		84E4434D2A7CEFB500BABEFE /* Resources */ = {
			isa = PBXResourcesBuildPhase;
			buildActionMask = 2147483647;
			files = (
				84E4435F2A7CEFB500BABEFE /* LaunchScreen.storyboard in Resources */,
				84E4435C2A7CEFB500BABEFE /* Assets.xcassets in Resources */,
			);
			runOnlyForDeploymentPostprocessing = 0;
		};
/* End PBXResourcesBuildPhase section */

/* Begin PBXShellScriptBuildPhase section */
		28B4FC735C6122B92C56D79A /* [CP] Check Pods Manifest.lock */ = {
			isa = PBXShellScriptBuildPhase;
			buildActionMask = 2147483647;
			files = (
			);
			inputFileListPaths = (
			);
			inputPaths = (
				"${PODS_PODFILE_DIR_PATH}/Podfile.lock",
				"${PODS_ROOT}/Manifest.lock",
			);
			name = "[CP] Check Pods Manifest.lock";
			outputFileListPaths = (
			);
			outputPaths = (
				"$(DERIVED_FILE_DIR)/Pods-tptools-checkManifestLockResult.txt",
			);
			runOnlyForDeploymentPostprocessing = 0;
			shellPath = /bin/sh;
			shellScript = "diff \"${PODS_PODFILE_DIR_PATH}/Podfile.lock\" \"${PODS_ROOT}/Manifest.lock\" > /dev/null\nif [ $? != 0 ] ; then\n    # print error to STDERR\n    echo \"error: The sandbox is not in sync with the Podfile.lock. Run 'pod install' or update your CocoaPods installation.\" >&2\n    exit 1\nfi\n# This output is used by Xcode 'outputs' to avoid re-running this script phase.\necho \"SUCCESS\" > \"${SCRIPT_OUTPUT_FILE_0}\"\n";
			showEnvVarsInLog = 0;
		};
		353D7487DC72F979C5B57FFF /* [CP] Embed Pods Frameworks */ = {
			isa = PBXShellScriptBuildPhase;
			buildActionMask = 2147483647;
			files = (
			);
			inputFileListPaths = (
				"${PODS_ROOT}/Target Support Files/Pods-tptools/Pods-tptools-frameworks-${CONFIGURATION}-input-files.xcfilelist",
			);
			name = "[CP] Embed Pods Frameworks";
			outputFileListPaths = (
				"${PODS_ROOT}/Target Support Files/Pods-tptools/Pods-tptools-frameworks-${CONFIGURATION}-output-files.xcfilelist",
			);
			runOnlyForDeploymentPostprocessing = 0;
			shellPath = /bin/sh;
			shellScript = "\"${PODS_ROOT}/Target Support Files/Pods-tptools/Pods-tptools-frameworks.sh\"\n";
			showEnvVarsInLog = 0;
		};
		716AD66ADF0B9455E904799A /* [CP] Copy Pods Resources */ = {
			isa = PBXShellScriptBuildPhase;
			buildActionMask = 2147483647;
			files = (
			);
			inputFileListPaths = (
				"${PODS_ROOT}/Target Support Files/Pods-tptools/Pods-tptools-resources-${CONFIGURATION}-input-files.xcfilelist",
			);
			name = "[CP] Copy Pods Resources";
			outputFileListPaths = (
				"${PODS_ROOT}/Target Support Files/Pods-tptools/Pods-tptools-resources-${CONFIGURATION}-output-files.xcfilelist",
			);
			runOnlyForDeploymentPostprocessing = 0;
			shellPath = /bin/sh;
			shellScript = "\"${PODS_ROOT}/Target Support Files/Pods-tptools/Pods-tptools-resources.sh\"\n";
			showEnvVarsInLog = 0;
		};
		84E443772A7CF82700BABEFE /* Start Packager */ = {
			isa = PBXShellScriptBuildPhase;
			buildActionMask = 2147483647;
			files = (
			);
			inputFileListPaths = (
			);
			inputPaths = (
			);
			name = "Start Packager";
			outputFileListPaths = (
			);
			outputPaths = (
			);
			runOnlyForDeploymentPostprocessing = 0;
			shellPath = /bin/sh;
			shellScript = "export RCT_METRO_PORT=\"${RCT_METRO_PORT:=8081}\"\necho \"export RCT_METRO_PORT=${RCT_METRO_PORT}\" > \"${SRCROOT}/../node_modules/react-native/scripts/.packager.env\"\nif [ -z \"${RCT_NO_LAUNCH_PACKAGER+xxx}\" ] ; then\n  if nc -w 5 -z localhost ${RCT_METRO_PORT} ; then\n    if ! curl -s \"http://localhost:${RCT_METRO_PORT}/status\" | grep -q \"packager-status:running\" ; then\n      echo \"Port ${RCT_METRO_PORT} already in use, packager is either not running or not running correctly\"\n      exit 2\n    fi\n  else\n    open \"$SRCROOT/../node_modules/react-native/scripts/launchPackager.command\" || echo \"Can't start packager automatically\"\n  fi\nfi\n\n";
			showEnvVarsInLog = 0;
		};
		84E443782A7CF87300BABEFE /* Bundle React Native code and images */ = {
			isa = PBXShellScriptBuildPhase;
			buildActionMask = 2147483647;
			files = (
			);
			inputFileListPaths = (
			);
			inputPaths = (
				"$(SRCROOT)/.xcode.env.local",
				"$(SRCROOT)/.xcode.env",
			);
			name = "Bundle React Native code and images";
			outputFileListPaths = (
			);
			outputPaths = (
			);
			runOnlyForDeploymentPostprocessing = 0;
			shellPath = /bin/sh;
			shellScript = "set -e\n\nWITH_ENVIRONMENT=\"../node_modules/react-native/scripts/xcode/with-environment.sh\"\nREACT_NATIVE_XCODE=\"../node_modules/react-native/scripts/react-native-xcode.sh\"\n\n/bin/sh -c \"$WITH_ENVIRONMENT $REACT_NATIVE_XCODE\"\n\n";
		};
/* End PBXShellScriptBuildPhase section */

/* Begin PBXSourcesBuildPhase section */
		84E4434B2A7CEFB500BABEFE /* Sources */ = {
			isa = PBXSourcesBuildPhase;
			buildActionMask = 2147483647;
			files = (
				84E443722A7CF12400BABEFE /* ToolWebModule.swift in Sources */,
				84E443B62A7CFA1C00BABEFE /* YNavigationController.swift in Sources */,
				84E443AD2A7CFA0D00BABEFE /* LocalUserModel.swift in Sources */,
				84E443892A7CF9DE00BABEFE /* TargetType+Cache.swift in Sources */,
				84E443862A7CF9DE00BABEFE /* CustomJsonAdaptor.swift in Sources */,
				84E443A12A7CF9F400BABEFE /* UIDevice+Extension.swift in Sources */,
				84E443CB2A7D022600BABEFE /* DBManager.swift in Sources */,
				84E443572A7CEFB500BABEFE /* HomeViewController.swift in Sources */,
				84E443BD2A7CFC0B00BABEFE /* AppConfig.swift in Sources */,
				84E443742A7CF12400BABEFE /* ToolWebView.swift in Sources */,
				84E4438D2A7CF9DE00BABEFE /* Observable+Cache.swift in Sources */,
				84E443AE2A7CFA0D00BABEFE /* ServerModels.swift in Sources */,
				84E4438C2A7CF9DE00BABEFE /* UserAgentPlugin.swift in Sources */,
				84E443532A7CEFB500BABEFE /* AppDelegate.swift in Sources */,
				84E443882A7CF9DE00BABEFE /* Moya+Cacheable.swift in Sources */,
				84E443A02A7CF9F400BABEFE /* UITextField+Extension.swift in Sources */,
				84E4438A2A7CF9DE00BABEFE /* Configuration.swift in Sources */,
				84E443A62A7CF9F400BABEFE /* UIImageView+Extension.swift in Sources */,
				84E443B52A7CFA1C00BABEFE /* BaseWebViewController.swift in Sources */,
				84E4439D2A7CF9F400BABEFE /* String+Extension.swift in Sources */,
				84E443852A7CF9DE00BABEFE /* CacheManager.swift in Sources */,
				84E4438E2A7CF9DE00BABEFE /* Single+Cache.swift in Sources */,
				84E443D02A7D02BD00BABEFE /* GradientView.swift in Sources */,
				84E443702A7CF12400BABEFE /* ToolModule.m in Sources */,
				84E443CC2A7D022600BABEFE /* TBAddress.swift in Sources */,
				84E4439E2A7CF9F400BABEFE /* NSObject+Extension.swift in Sources */,
				84E443A92A7CF9F400BABEFE /* UIViewController+Extension.swift in Sources */,
				84E443B92A7CFA1C00BABEFE /* YBaseViewController.swift in Sources */,
				84E443A42A7CF9F400BABEFE /* UILabel+Extension.swift in Sources */,
				84E443A82A7CF9F400BABEFE /* UIColor+Extension.swift in Sources */,
				84E443872A7CF9DE00BABEFE /* OnCache.swift in Sources */,
				84E443732A7CF12400BABEFE /* ToolWebModule.m in Sources */,
				84E4438B2A7CF9DE00BABEFE /* Network.swift in Sources */,
				84E443A72A7CF9F400BABEFE /* UIView+Extension.swift in Sources */,
				84E443A52A7CF9F400BABEFE /* UIScrollView+Extension.swift in Sources */,
				84E443A32A7CF9F400BABEFE /* Observable+Operators.swift in Sources */,
				84E4439F2A7CF9F400BABEFE /* UIFont+Extension.swift in Sources */,
				84E443B72A7CFA1C00BABEFE /* YNavigationView.swift in Sources */,
				84E443A22A7CF9F400BABEFE /* UIButton+Extension.swift in Sources */,
				84E443712A7CF12400BABEFE /* ToolModule.swift in Sources */,
			);
			runOnlyForDeploymentPostprocessing = 0;
		};
/* End PBXSourcesBuildPhase section */

/* Begin PBXVariantGroup section */
		84E4435D2A7CEFB500BABEFE /* LaunchScreen.storyboard */ = {
			isa = PBXVariantGroup;
			children = (
				84E4435E2A7CEFB500BABEFE /* Base */,
			);
			name = LaunchScreen.storyboard;
			sourceTree = "<group>";
		};
/* End PBXVariantGroup section */

/* Begin XCBuildConfiguration section */
		84E443612A7CEFB500BABEFE /* Debug */ = {
			isa = XCBuildConfiguration;
			buildSettings = {
				ALWAYS_SEARCH_USER_PATHS = NO;
				CLANG_ANALYZER_NONNULL = YES;
				CLANG_ANALYZER_NUMBER_OBJECT_CONVERSION = YES_AGGRESSIVE;
				CLANG_CXX_LANGUAGE_STANDARD = "c++17";
				CLANG_ENABLE_MODULES = YES;
				CLANG_ENABLE_OBJC_ARC = YES;
				CLANG_ENABLE_OBJC_WEAK = YES;
				CLANG_WARN_BLOCK_CAPTURE_AUTORELEASING = YES;
				CLANG_WARN_BOOL_CONVERSION = YES;
				CLANG_WARN_COMMA = YES;
				CLANG_WARN_CONSTANT_CONVERSION = YES;
				CLANG_WARN_DEPRECATED_OBJC_IMPLEMENTATIONS = YES;
				CLANG_WARN_DIRECT_OBJC_ISA_USAGE = YES_ERROR;
				CLANG_WARN_DOCUMENTATION_COMMENTS = YES;
				CLANG_WARN_EMPTY_BODY = YES;
				CLANG_WARN_ENUM_CONVERSION = YES;
				CLANG_WARN_INFINITE_RECURSION = YES;
				CLANG_WARN_INT_CONVERSION = YES;
				CLANG_WARN_NON_LITERAL_NULL_CONVERSION = YES;
				CLANG_WARN_OBJC_IMPLICIT_RETAIN_SELF = YES;
				CLANG_WARN_OBJC_LITERAL_CONVERSION = YES;
				CLANG_WARN_OBJC_ROOT_CLASS = YES_ERROR;
				CLANG_WARN_QUOTED_INCLUDE_IN_FRAMEWORK_HEADER = YES;
				CLANG_WARN_RANGE_LOOP_ANALYSIS = YES;
				CLANG_WARN_STRICT_PROTOTYPES = YES;
				CLANG_WARN_SUSPICIOUS_MOVE = YES;
				CLANG_WARN_UNGUARDED_AVAILABILITY = YES_AGGRESSIVE;
				CLANG_WARN_UNREACHABLE_CODE = YES;
				CLANG_WARN__DUPLICATE_METHOD_MATCH = YES;
				COPY_PHASE_STRIP = NO;
				DEBUG_INFORMATION_FORMAT = dwarf;
				ENABLE_STRICT_OBJC_MSGSEND = YES;
				ENABLE_TESTABILITY = YES;
				"EXCLUDED_ARCHS[sdk=iphonesimulator*]" = i386;
				GCC_C_LANGUAGE_STANDARD = gnu11;
				GCC_DYNAMIC_NO_PIC = NO;
				GCC_NO_COMMON_BLOCKS = YES;
				GCC_OPTIMIZATION_LEVEL = 0;
				GCC_PREPROCESSOR_DEFINITIONS = (
					"DEBUG=1",
					"$(inherited)",
				);
				GCC_WARN_64_TO_32_BIT_CONVERSION = YES;
				GCC_WARN_ABOUT_RETURN_TYPE = YES_ERROR;
				GCC_WARN_UNDECLARED_SELECTOR = YES;
				GCC_WARN_UNINITIALIZED_AUTOS = YES_AGGRESSIVE;
				GCC_WARN_UNUSED_FUNCTION = YES;
				GCC_WARN_UNUSED_VARIABLE = YES;
				IPHONEOS_DEPLOYMENT_TARGET = 13.0;
				MTL_ENABLE_DEBUG_INFO = INCLUDE_SOURCE;
				MTL_FAST_MATH = YES;
				ONLY_ACTIVE_ARCH = YES;
				OTHER_CFLAGS = "$(inherited)";
				OTHER_CPLUSPLUSFLAGS = "$(inherited)";
				REACT_NATIVE_PATH = "${PODS_ROOT}/../../node_modules/react-native";
				SDKROOT = iphoneos;
				SWIFT_ACTIVE_COMPILATION_CONDITIONS = DEBUG;
				SWIFT_OPTIMIZATION_LEVEL = "-Onone";
			};
			name = Debug;
		};
		84E443622A7CEFB500BABEFE /* Release */ = {
			isa = XCBuildConfiguration;
			buildSettings = {
				ALWAYS_SEARCH_USER_PATHS = NO;
				CLANG_ANALYZER_NONNULL = YES;
				CLANG_ANALYZER_NUMBER_OBJECT_CONVERSION = YES_AGGRESSIVE;
				CLANG_CXX_LANGUAGE_STANDARD = "c++17";
				CLANG_ENABLE_MODULES = YES;
				CLANG_ENABLE_OBJC_ARC = YES;
				CLANG_ENABLE_OBJC_WEAK = YES;
				CLANG_WARN_BLOCK_CAPTURE_AUTORELEASING = YES;
				CLANG_WARN_BOOL_CONVERSION = YES;
				CLANG_WARN_COMMA = YES;
				CLANG_WARN_CONSTANT_CONVERSION = YES;
				CLANG_WARN_DEPRECATED_OBJC_IMPLEMENTATIONS = YES;
				CLANG_WARN_DIRECT_OBJC_ISA_USAGE = YES_ERROR;
				CLANG_WARN_DOCUMENTATION_COMMENTS = YES;
				CLANG_WARN_EMPTY_BODY = YES;
				CLANG_WARN_ENUM_CONVERSION = YES;
				CLANG_WARN_INFINITE_RECURSION = YES;
				CLANG_WARN_INT_CONVERSION = YES;
				CLANG_WARN_NON_LITERAL_NULL_CONVERSION = YES;
				CLANG_WARN_OBJC_IMPLICIT_RETAIN_SELF = YES;
				CLANG_WARN_OBJC_LITERAL_CONVERSION = YES;
				CLANG_WARN_OBJC_ROOT_CLASS = YES_ERROR;
				CLANG_WARN_QUOTED_INCLUDE_IN_FRAMEWORK_HEADER = YES;
				CLANG_WARN_RANGE_LOOP_ANALYSIS = YES;
				CLANG_WARN_STRICT_PROTOTYPES = YES;
				CLANG_WARN_SUSPICIOUS_MOVE = YES;
				CLANG_WARN_UNGUARDED_AVAILABILITY = YES_AGGRESSIVE;
				CLANG_WARN_UNREACHABLE_CODE = YES;
				CLANG_WARN__DUPLICATE_METHOD_MATCH = YES;
				COPY_PHASE_STRIP = NO;
				DEBUG_INFORMATION_FORMAT = "dwarf-with-dsym";
				ENABLE_NS_ASSERTIONS = NO;
				ENABLE_STRICT_OBJC_MSGSEND = YES;
				"EXCLUDED_ARCHS[sdk=iphonesimulator*]" = i386;
				GCC_C_LANGUAGE_STANDARD = gnu11;
				GCC_NO_COMMON_BLOCKS = YES;
				GCC_WARN_64_TO_32_BIT_CONVERSION = YES;
				GCC_WARN_ABOUT_RETURN_TYPE = YES_ERROR;
				GCC_WARN_UNDECLARED_SELECTOR = YES;
				GCC_WARN_UNINITIALIZED_AUTOS = YES_AGGRESSIVE;
				GCC_WARN_UNUSED_FUNCTION = YES;
				GCC_WARN_UNUSED_VARIABLE = YES;
				IPHONEOS_DEPLOYMENT_TARGET = 13.0;
				MTL_ENABLE_DEBUG_INFO = NO;
				MTL_FAST_MATH = YES;
				OTHER_CFLAGS = "$(inherited)";
				OTHER_CPLUSPLUSFLAGS = "$(inherited)";
				REACT_NATIVE_PATH = "${PODS_ROOT}/../../node_modules/react-native";
				SDKROOT = iphoneos;
				SWIFT_COMPILATION_MODE = wholemodule;
				SWIFT_OPTIMIZATION_LEVEL = "-O";
				VALIDATE_PRODUCT = YES;
			};
			name = Release;
		};
		84E443642A7CEFB500BABEFE /* Debug */ = {
			isa = XCBuildConfiguration;
			baseConfigurationReference = 5FAF3DE59A66B32714C4EE28 /* Pods-tptools.debug.xcconfig */;
			buildSettings = {
				ASSETCATALOG_COMPILER_APPICON_NAME = AppIcon;
				ASSETCATALOG_COMPILER_GLOBAL_ACCENT_COLOR_NAME = AccentColor;
				CLANG_ENABLE_MODULES = YES;
				CODE_SIGN_ENTITLEMENTS = "${SRCROOT}/tptools/Support/tptools.entitlements";
				CODE_SIGN_STYLE = Automatic;
				CURRENT_PROJECT_VERSION = 1;
				DEVELOPMENT_TEAM = XM5P83K84A;
				GENERATE_INFOPLIST_FILE = YES;
				INFOPLIST_FILE = "${SRCROOT}/tptools/Support/Info.plist";
				INFOPLIST_KEY_LSApplicationCategoryType = "public.app-category.utilities";
				INFOPLIST_KEY_UIApplicationSupportsIndirectInputEvents = YES;
				INFOPLIST_KEY_UILaunchStoryboardName = LaunchScreen.storyboard;
				INFOPLIST_KEY_UIMainStoryboardFile = "";
				INFOPLIST_KEY_UISupportedInterfaceOrientations = UIInterfaceOrientationPortrait;
				IPHONEOS_DEPLOYMENT_TARGET = 13.0;
				LD_RUNPATH_SEARCH_PATHS = (
					"$(inherited)",
					"@executable_path/Frameworks",
				);
				MARKETING_VERSION = 1.0.0;
				PRODUCT_BUNDLE_IDENTIFIER = com.rescuedog.tptools;
				PRODUCT_NAME = "$(TARGET_NAME)";
				SUPPORTED_PLATFORMS = "iphoneos iphonesimulator";
				SUPPORTS_MACCATALYST = NO;
				SUPPORTS_MAC_DESIGNED_FOR_IPHONE_IPAD = NO;
				SWIFT_EMIT_LOC_STRINGS = YES;
				SWIFT_OBJC_BRIDGING_HEADER = "${SRCROOT}/tptools/Support/tptools-Bridging-Header.h";
				SWIFT_OPTIMIZATION_LEVEL = "-Onone";
				SWIFT_VERSION = 5.0;
				TARGETED_DEVICE_FAMILY = 1;
			};
			name = Debug;
		};
		84E443652A7CEFB500BABEFE /* Release */ = {
			isa = XCBuildConfiguration;
			baseConfigurationReference = 7365434FB599FB5764FD626F /* Pods-tptools.release.xcconfig */;
			buildSettings = {
				ASSETCATALOG_COMPILER_APPICON_NAME = AppIcon;
				ASSETCATALOG_COMPILER_GLOBAL_ACCENT_COLOR_NAME = AccentColor;
				CLANG_ENABLE_MODULES = YES;
				CODE_SIGN_ENTITLEMENTS = "${SRCROOT}/tptools/Support/tptools.entitlements";
				CODE_SIGN_STYLE = Automatic;
				CURRENT_PROJECT_VERSION = 1;
				DEVELOPMENT_TEAM = XM5P83K84A;
				GENERATE_INFOPLIST_FILE = YES;
				INFOPLIST_FILE = "${SRCROOT}/tptools/Support/Info.plist";
				INFOPLIST_KEY_LSApplicationCategoryType = "public.app-category.utilities";
				INFOPLIST_KEY_UIApplicationSupportsIndirectInputEvents = YES;
				INFOPLIST_KEY_UILaunchStoryboardName = LaunchScreen.storyboard;
				INFOPLIST_KEY_UIMainStoryboardFile = "";
				INFOPLIST_KEY_UISupportedInterfaceOrientations = UIInterfaceOrientationPortrait;
				IPHONEOS_DEPLOYMENT_TARGET = 13.0;
				LD_RUNPATH_SEARCH_PATHS = (
					"$(inherited)",
					"@executable_path/Frameworks",
				);
				MARKETING_VERSION = 1.0.0;
				PRODUCT_BUNDLE_IDENTIFIER = com.rescuedog.tptools;
				PRODUCT_NAME = "$(TARGET_NAME)";
				SUPPORTED_PLATFORMS = "iphoneos iphonesimulator";
				SUPPORTS_MACCATALYST = NO;
				SUPPORTS_MAC_DESIGNED_FOR_IPHONE_IPAD = NO;
				SWIFT_EMIT_LOC_STRINGS = YES;
				SWIFT_OBJC_BRIDGING_HEADER = "${SRCROOT}/tptools/Support/tptools-Bridging-Header.h";
				SWIFT_VERSION = 5.0;
				TARGETED_DEVICE_FAMILY = 1;
			};
			name = Release;
		};
/* End XCBuildConfiguration section */

/* Begin XCConfigurationList section */
		84E4434A2A7CEFB500BABEFE /* Build configuration list for PBXProject "tptools" */ = {
			isa = XCConfigurationList;
			buildConfigurations = (
				84E443612A7CEFB500BABEFE /* Debug */,
				84E443622A7CEFB500BABEFE /* Release */,
			);
			defaultConfigurationIsVisible = 0;
			defaultConfigurationName = Release;
		};
		84E443632A7CEFB500BABEFE /* Build configuration list for PBXNativeTarget "tptools" */ = {
			isa = XCConfigurationList;
			buildConfigurations = (
				84E443642A7CEFB500BABEFE /* Debug */,
				84E443652A7CEFB500BABEFE /* Release */,
			);
			defaultConfigurationIsVisible = 0;
			defaultConfigurationName = Release;
		};
/* End XCConfigurationList section */
	};
	rootObject = 84E443472A7CEFB500BABEFE /* Project object */;
}
